{
  "name": "steel",
  "version": "1.0.0",
  "lockfileVersion": 3,
  "requires": true,
  "packages": {
    "": {
      "name": "steel",
      "version": "1.0.0",
      "hasInstallScript": true,
      "license": "ISC",
      "devDependencies": {
        "concurrently": "^8.2.0"
      },
      "engines": {
        "node": ">=18.12.0"
      }
    },
    "api": {
      "name": "steel-browser",
      "version": "1.0.0",
      "extraneous": true,
      "dependencies": {
        "@fastify/cors": "^8.4.0",
        "@fastify/http-proxy": "^9.5.0",
        "@fastify/jwt": "^8.0.1",
        "@fastify/sensible": "^4.1.0",
        "@fastify/swagger": "^8.15.0",
        "@fastify/view": "10.0.2",
        "@fastify/vite": "^7.0.1",
        "@fastify/websocket": "^10.0.1",
        "@mozilla/readability": "^0.5.0",
        "@scalar/fastify-api-reference": "^1.25.59",
        "dotenv": "^16.4.5",
        "fastify": "5.2",
        "fastify-graceful-shutdown": "^4.0.1",
        "fastify-plugin": "^4.5.1",
        "fastify-zod": "^1.4.0",
        "fingerprint-generator": "^2.1.56",
        "fingerprint-injector": "^2.1.56",
        "get-port": "^7.1.0",
        "http-proxy": "^1.18.1",
        "jsdom": "^24.1.1",
        "pino": "^8.16.0",
        "pino-pretty": "^10.2.3",
        "proxy-chain": "^2.5.3",
        "puppeteer-core": "^22.14.0",
        "react": "^19.0.0",
        "react-dom": "^19.0.0",
        "supertest": "^6.3.1",
        "tap": "^18.4.6",
        "ts-jest": "^29.0.3",
        "ts-node-dev": "^2.0.0",
        "turndown": "^7.2.0",
        "zod": "^3.22.4",
        "zod-to-json-schema": "^3.21.4"
      },
      "devDependencies": {
        "@types/dotenv": "^8.2.0",
        "@types/jest": "^29.2.2",
        "@types/node": "^22.13.1",
        "@types/ws": "^8.5.11",
        "prettier": "3.0.3",
        "ts-node": "^10.9.1",
        "typescript": "^5.2.2",
        "vite": "^6.1.0"
      }
    },
    "node_modules/@babel/runtime": {
      "version": "7.26.7",
      "dev": true,
      "license": "MIT",
      "dependencies": {
        "regenerator-runtime": "^0.14.0"
      },
      "engines": {
        "node": ">=6.9.0"
      }
    },
    "node_modules/ansi-regex": {
      "version": "5.0.1",
      "dev": true,
      "license": "MIT",
      "engines": {
        "node": ">=8"
      }
    },
    "node_modules/ansi-styles": {
      "version": "4.3.0",
      "dev": true,
      "license": "MIT",
      "dependencies": {
        "color-convert": "^2.0.1"
      },
      "engines": {
        "node": ">=8"
      },
      "funding": {
        "url": "https://github.com/chalk/ansi-styles?sponsor=1"
      }
    },
    "node_modules/chalk": {
      "version": "4.1.2",
      "dev": true,
      "license": "MIT",
      "dependencies": {
        "ansi-styles": "^4.1.0",
        "supports-color": "^7.1.0"
      },
      "engines": {
        "node": ">=10"
      },
      "funding": {
        "url": "https://github.com/chalk/chalk?sponsor=1"
      }
    },
    "node_modules/chalk/node_modules/supports-color": {
      "version": "7.2.0",
      "dev": true,
      "license": "MIT",
      "dependencies": {
        "has-flag": "^4.0.0"
      },
      "engines": {
        "node": ">=8"
      }
    },
    "node_modules/cliui": {
      "version": "8.0.1",
      "dev": true,
      "license": "ISC",
      "dependencies": {
        "string-width": "^4.2.0",
        "strip-ansi": "^6.0.1",
        "wrap-ansi": "^7.0.0"
      },
      "engines": {
        "node": ">=12"
      }
    },
    "node_modules/color-convert": {
      "version": "2.0.1",
      "dev": true,
      "license": "MIT",
      "dependencies": {
        "color-name": "~1.1.4"
      },
      "engines": {
        "node": ">=7.0.0"
      }
    },
    "node_modules/color-name": {
      "version": "1.1.4",
      "dev": true,
      "license": "MIT"
    },
    "node_modules/concurrently": {
      "version": "8.2.2",
      "dev": true,
      "license": "MIT",
      "dependencies": {
        "chalk": "^4.1.2",
        "date-fns": "^2.30.0",
        "lodash": "^4.17.21",
        "rxjs": "^7.8.1",
        "shell-quote": "^1.8.1",
        "spawn-command": "0.0.2",
        "supports-color": "^8.1.1",
        "tree-kill": "^1.2.2",
        "yargs": "^17.7.2"
      },
      "bin": {
        "conc": "dist/bin/concurrently.js",
        "concurrently": "dist/bin/concurrently.js"
      },
      "engines": {
        "node": "^14.13.0 || >=16.0.0"
      },
      "funding": {
        "url": "https://github.com/open-cli-tools/concurrently?sponsor=1"
      }
    },
    "node_modules/date-fns": {
      "version": "2.30.0",
      "dev": true,
      "license": "MIT",
      "dependencies": {
        "@babel/runtime": "^7.21.0"
      },
      "engines": {
        "node": ">=0.11"
      },
      "funding": {
        "type": "opencollective",
        "url": "https://opencollective.com/date-fns"
      }
    },
    "node_modules/emoji-regex": {
      "version": "8.0.0",
      "dev": true,
      "license": "MIT"
    },
    "node_modules/escalade": {
      "version": "3.2.0",
      "dev": true,
      "license": "MIT",
      "engines": {
        "node": ">=6"
      }
    },
    "node_modules/get-caller-file": {
      "version": "2.0.5",
      "dev": true,
      "license": "ISC",
      "engines": {
        "node": "6.* || 8.* || >= 10.*"
      }
    },
    "node_modules/has-flag": {
      "version": "4.0.0",
      "dev": true,
      "license": "MIT",
      "engines": {
        "node": ">=8"
      }
    },
    "node_modules/is-fullwidth-code-point": {
      "version": "3.0.0",
      "dev": true,
      "license": "MIT",
      "engines": {
        "node": ">=8"
      }
    },
    "node_modules/lodash": {
      "version": "4.17.21",
      "dev": true,
      "license": "MIT"
    },
    "node_modules/regenerator-runtime": {
      "version": "0.14.1",
      "dev": true,
      "license": "MIT"
    },
    "node_modules/require-directory": {
      "version": "2.1.1",
      "dev": true,
      "license": "MIT",
      "engines": {
        "node": ">=0.10.0"
      }
    },
    "node_modules/rxjs": {
      "version": "7.8.1",
      "dev": true,
      "license": "Apache-2.0",
      "dependencies": {
        "tslib": "^2.1.0"
      }
    },
    "node_modules/shell-quote": {
      "version": "1.8.2",
      "dev": true,
      "license": "MIT",
      "engines": {
        "node": ">= 0.4"
      },
      "funding": {
        "url": "https://github.com/sponsors/ljharb"
      }
    },
    "node_modules/spawn-command": {
      "version": "0.0.2",
      "dev": true
    },
    "node_modules/string-width": {
      "version": "4.2.3",
      "dev": true,
      "license": "MIT",
      "dependencies": {
        "emoji-regex": "^8.0.0",
        "is-fullwidth-code-point": "^3.0.0",
        "strip-ansi": "^6.0.1"
      },
      "engines": {
        "node": ">=8"
      }
    },
    "node_modules/strip-ansi": {
      "version": "6.0.1",
      "dev": true,
      "license": "MIT",
      "dependencies": {
        "ansi-regex": "^5.0.1"
      },
      "engines": {
        "node": ">=8"
      }
    },
    "node_modules/supports-color": {
      "version": "8.1.1",
      "dev": true,
      "license": "MIT",
      "dependencies": {
        "has-flag": "^4.0.0"
      },
      "engines": {
        "node": ">=10"
      },
      "funding": {
        "url": "https://github.com/chalk/supports-color?sponsor=1"
      }
    },
    "node_modules/tree-kill": {
      "version": "1.2.2",
      "dev": true,
      "license": "MIT",
      "bin": {
        "tree-kill": "cli.js"
      }
    },
    "node_modules/tslib": {
      "version": "2.8.1",
      "dev": true,
      "license": "0BSD"
    },
    "node_modules/wrap-ansi": {
      "version": "7.0.0",
      "dev": true,
      "license": "MIT",
      "dependencies": {
        "ansi-styles": "^4.0.0",
        "string-width": "^4.1.0",
        "strip-ansi": "^6.0.0"
      },
      "engines": {
        "node": ">=10"
      },
      "funding": {
        "url": "https://github.com/chalk/wrap-ansi?sponsor=1"
      }
    },
    "node_modules/y18n": {
      "version": "5.0.8",
      "dev": true,
      "license": "ISC",
      "engines": {
        "node": ">=10"
      }
    },
    "node_modules/yargs": {
      "version": "17.7.2",
      "dev": true,
      "license": "MIT",
      "dependencies": {
        "cliui": "^8.0.1",
        "escalade": "^3.1.1",
        "get-caller-file": "^2.0.5",
        "require-directory": "^2.1.1",
        "string-width": "^4.2.3",
        "y18n": "^5.0.5",
        "yargs-parser": "^21.1.1"
      },
      "engines": {
        "node": ">=12"
      }
    },
    "node_modules/yargs-parser": {
      "version": "21.1.1",
      "dev": true,
      "license": "ISC",
      "engines": {
        "node": ">=12"
      }
    },
    "ui": {
      "name": "@steel/ui",
      "version": "0.0.0",
      "extraneous": true,
      "dependencies": {
        "@fontsource/inter": "^5.0.13",
        "@hey-api/client-fetch": "^0.4.0",
        "@hookform/resolvers": "^3.9.0",
        "@radix-ui/react-avatar": "^1.1.1",
        "@radix-ui/react-checkbox": "^1.1.2",
        "@radix-ui/react-dialog": "^1.1.2",
        "@radix-ui/react-icons": "^1.3.0",
        "@radix-ui/react-label": "^2.1.0",
        "@radix-ui/react-popover": "^1.1.2",
        "@radix-ui/react-select": "^2.1.2",
        "@radix-ui/react-separator": "^1.1.0",
        "@radix-ui/react-slot": "^1.1.0",
        "@radix-ui/react-tabs": "^1.1.1",
        "@radix-ui/react-toast": "^1.2.2",
        "@radix-ui/themes": "^3.0.3",
        "@tanstack/react-query": "^4.36.1",
        "@tanstack/react-table": "^8.20.5",
        "axios": "^1.3.1",
        "class-variance-authority": "^0.7.0",
        "clsx": "^2.1.1",
        "i": "^0.3.7",
        "jwt-decode": "^3.1.2",
        "lucide-react": "^0.447.0",
        "react": "^18.2.0",
        "react-dom": "^18.2.0",
        "react-hook-form": "^7.53.0",
        "react-router-dom": "^6.16.0",
        "react-syntax-highlighter": "^15.5.0",
        "react-top-loading-bar": "^2.3.1",
        "rrweb-player": "^1.0.0-alpha.4",
        "serve": "^14.0.1",
        "styled-components": "^6.0.8",
        "tailwind-merge": "^2.5.2",
        "tailwindcss-animate": "^1.0.7",
        "ua-parser-js": "^1.0.39",
        "usehooks-ts": "^3.1.0",
        "zod": "^3.23.8"
      },
      "devDependencies": {
        "@hey-api/openapi-ts": "^0.53.6",
        "@types/node": "^20.8.4",
        "@types/react": "^18.2.15",
        "@types/react-dom": "^18.2.7",
        "@types/react-syntax-highlighter": "^15.5.8",
        "@types/styled-components": "^5.1.28",
        "@typescript-eslint/eslint-plugin": "^6.0.0",
        "@typescript-eslint/parser": "^6.0.0",
        "@vitejs/plugin-react-swc": "^3.3.2",
        "autoprefixer": "^10.4.20",
        "eslint": "^8.45.0",
        "eslint-plugin-react-hooks": "^4.6.0",
        "eslint-plugin-react-refresh": "^0.4.3",
        "postcss": "^8.4.47",
        "tailwindcss": "^3.4.13",
        "typescript": "^5.0.2",
        "vite": "^4.4.5"
      }
    }
  }
}
